
Microsoft Visual Studio Solution File, Format Version 12.00
# Visual Studio Version 17
VisualStudioVersion = 17.4.33213.308
MinimumVisualStudioVersion = 10.0.40219.1
Project("{FAE04EC0-301F-11D3-BF4B-00C04F79EFBC}") = "EC05-C-sharp-SQL-Client-Dapper-ConsoleApp", "EC05-C-sharp-SQL-Client-Dapper-ConsoleApp\EC05-C-sharp-SQL-Client-Dapper-ConsoleApp.csproj", "{C394FED0-32BC-4366-BBB0-063CFEF0DA7B}"
EndProject
Global
	GlobalSection(SolutionConfigurationPlatforms) = preSolution
		Debug|Any CPU = Debug|Any CPU
		Release|Any CPU = Release|Any CPU
	EndGlobalSection
	GlobalSection(ProjectConfigurationPlatforms) = postSolution
		{C394FED0-32BC-4366-BBB0-063CFEF0DA7B}.Debug|Any CPU.ActiveCfg = Debug|Any CPU
		{C394FED0-32BC-4366-BBB0-063CFEF0DA7B}.Debug|Any CPU.Build.0 = Debug|Any CPU
		{C394FED0-32BC-4366-BBB0-063CFEF0DA7B}.Release|Any CPU.ActiveCfg = Release|Any CPU
		{C394FED0-32BC-4366-BBB0-063CFEF0DA7B}.Release|Any CPU.Build.0 = Release|Any CPU
	EndGlobalSection
	GlobalSection(SolutionProperties) = preSolution
		HideSolutionNode = FALSE
	EndGlobalSection
	GlobalSection(ExtensibilityGlobals) = postSolution
		SolutionGuid = {66EB3B14-0ECA-41C0-B02D-E423EC00C0C5}
	EndGlobalSection
EndGlobal
